
Microsoft Visual Studio Solution File, Format Version 12.00
# Visual Studio Version 17
VisualStudioVersion = 17.7.34202.233
MinimumVisualStudioVersion = 10.0.40219.1
Project("{9A19103F-16F7-4668-BE54-9A1E7A4F7556}") = "1.SmallestOfThreeNumbers", "1.SmallestOfThreeNumbers\1.SmallestOfThreeNumbers.csproj", "{BF6B170C-DB57-474D-817E-4709C871391F}"
EndProject
Project("{9A19103F-16F7-4668-BE54-9A1E7A4F7556}") = "2.VowelsCount", "2.VowelsCount\2.VowelsCount.csproj", "{0439306D-A1DF-44F8-807F-6A099A4C4F09}"
EndProject
Project("{9A19103F-16F7-4668-BE54-9A1E7A4F7556}") = "3.CharactersInRange", "3.CharactersInRange\3.CharactersInRange.csproj", "{DA5DA483-AB73-4ACB-87E3-58F4DC357C1B}"
EndProject
Project("{9A19103F-16F7-4668-BE54-9A1E7A4F7556}") = "4.PasswordValidator", "4.PasswordValidator\4.PasswordValidator.csproj", "{62FEE82C-2B6C-49AC-8524-12B915B66A10}"
EndProject
Project("{9A19103F-16F7-4668-BE54-9A1E7A4F7556}") = "5.AddAndSubtract", "5.AddAndSubtract\5.AddAndSubtract.csproj", "{21FBF81C-D035-4105-9474-B69171710AE4}"
EndProject
Project("{FAE04EC0-301F-11D3-BF4B-00C04F79EFBC}") = "6.MiddleCharacters", "6.MiddleCharacters\6.MiddleCharacters.csproj", "{04A8DDD4-4819-4E0B-ACAF-1DE53B37B98D}"
EndProject
Project("{FAE04EC0-301F-11D3-BF4B-00C04F79EFBC}") = "7.NxNMatrix", "7.NxNMatrix\7.NxNMatrix.csproj", "{29228324-5214-491E-8D17-FB3F5C0ADC39}"
EndProject
Project("{FAE04EC0-301F-11D3-BF4B-00C04F79EFBC}") = "8.FactorialDivision", "8.FactorialDivision\8.FactorialDivision.csproj", "{9857C25E-2018-4FE4-BAA7-04E77A9BE0E7}"
EndProject
Project("{FAE04EC0-301F-11D3-BF4B-00C04F79EFBC}") = "9.PalindromeIntegers", "9.PalindromeIntegers\9.PalindromeIntegers.csproj", "{11826F88-7846-4077-9EE7-57748084ECD0}"
EndProject
Global
	GlobalSection(SolutionConfigurationPlatforms) = preSolution
		Debug|Any CPU = Debug|Any CPU
		Release|Any CPU = Release|Any CPU
	EndGlobalSection
	GlobalSection(ProjectConfigurationPlatforms) = postSolution
		{BF6B170C-DB57-474D-817E-4709C871391F}.Debug|Any CPU.ActiveCfg = Debug|Any CPU
		{BF6B170C-DB57-474D-817E-4709C871391F}.Debug|Any CPU.Build.0 = Debug|Any CPU
		{BF6B170C-DB57-474D-817E-4709C871391F}.Release|Any CPU.ActiveCfg = Release|Any CPU
		{BF6B170C-DB57-474D-817E-4709C871391F}.Release|Any CPU.Build.0 = Release|Any CPU
		{0439306D-A1DF-44F8-807F-6A099A4C4F09}.Debug|Any CPU.ActiveCfg = Debug|Any CPU
		{0439306D-A1DF-44F8-807F-6A099A4C4F09}.Debug|Any CPU.Build.0 = Debug|Any CPU
		{0439306D-A1DF-44F8-807F-6A099A4C4F09}.Release|Any CPU.ActiveCfg = Release|Any CPU
		{0439306D-A1DF-44F8-807F-6A099A4C4F09}.Release|Any CPU.Build.0 = Release|Any CPU
		{DA5DA483-AB73-4ACB-87E3-58F4DC357C1B}.Debug|Any CPU.ActiveCfg = Debug|Any CPU
		{DA5DA483-AB73-4ACB-87E3-58F4DC357C1B}.Debug|Any CPU.Build.0 = Debug|Any CPU
		{DA5DA483-AB73-4ACB-87E3-58F4DC357C1B}.Release|Any CPU.ActiveCfg = Release|Any CPU
		{DA5DA483-AB73-4ACB-87E3-58F4DC357C1B}.Release|Any CPU.Build.0 = Release|Any CPU
		{62FEE82C-2B6C-49AC-8524-12B915B66A10}.Debug|Any CPU.ActiveCfg = Debug|Any CPU
		{62FEE82C-2B6C-49AC-8524-12B915B66A10}.Debug|Any CPU.Build.0 = Debug|Any CPU
		{62FEE82C-2B6C-49AC-8524-12B915B66A10}.Release|Any CPU.ActiveCfg = Release|Any CPU
		{62FEE82C-2B6C-49AC-8524-12B915B66A10}.Release|Any CPU.Build.0 = Release|Any CPU
		{21FBF81C-D035-4105-9474-B69171710AE4}.Debug|Any CPU.ActiveCfg = Debug|Any CPU
		{21FBF81C-D035-4105-9474-B69171710AE4}.Debug|Any CPU.Build.0 = Debug|Any CPU
		{21FBF81C-D035-4105-9474-B69171710AE4}.Release|Any CPU.ActiveCfg = Release|Any CPU
		{21FBF81C-D035-4105-9474-B69171710AE4}.Release|Any CPU.Build.0 = Release|Any CPU
		{04A8DDD4-4819-4E0B-ACAF-1DE53B37B98D}.Debug|Any CPU.ActiveCfg = Debug|Any CPU
		{04A8DDD4-4819-4E0B-ACAF-1DE53B37B98D}.Debug|Any CPU.Build.0 = Debug|Any CPU
		{04A8DDD4-4819-4E0B-ACAF-1DE53B37B98D}.Release|Any CPU.ActiveCfg = Release|Any CPU
		{04A8DDD4-4819-4E0B-ACAF-1DE53B37B98D}.Release|Any CPU.Build.0 = Release|Any CPU
		{29228324-5214-491E-8D17-FB3F5C0ADC39}.Debug|Any CPU.ActiveCfg = Debug|Any CPU
		{29228324-5214-491E-8D17-FB3F5C0ADC39}.Debug|Any CPU.Build.0 = Debug|Any CPU
		{29228324-5214-491E-8D17-FB3F5C0ADC39}.Release|Any CPU.ActiveCfg = Release|Any CPU
		{29228324-5214-491E-8D17-FB3F5C0ADC39}.Release|Any CPU.Build.0 = Release|Any CPU
		{9857C25E-2018-4FE4-BAA7-04E77A9BE0E7}.Debug|Any CPU.ActiveCfg = Debug|Any CPU
		{9857C25E-2018-4FE4-BAA7-04E77A9BE0E7}.Debug|Any CPU.Build.0 = Debug|Any CPU
		{9857C25E-2018-4FE4-BAA7-04E77A9BE0E7}.Release|Any CPU.ActiveCfg = Release|Any CPU
		{9857C25E-2018-4FE4-BAA7-04E77A9BE0E7}.Release|Any CPU.Build.0 = Release|Any CPU
		{11826F88-7846-4077-9EE7-57748084ECD0}.Debug|Any CPU.ActiveCfg = Debug|Any CPU
		{11826F88-7846-4077-9EE7-57748084ECD0}.Debug|Any CPU.Build.0 = Debug|Any CPU
		{11826F88-7846-4077-9EE7-57748084ECD0}.Release|Any CPU.ActiveCfg = Release|Any CPU
		{11826F88-7846-4077-9EE7-57748084ECD0}.Release|Any CPU.Build.0 = Release|Any CPU
	EndGlobalSection
	GlobalSection(SolutionProperties) = preSolution
		HideSolutionNode = FALSE
	EndGlobalSection
	GlobalSection(ExtensibilityGlobals) = postSolution
		SolutionGuid = {A5055799-BAF9-49E2-B7BD-B267CD229D40}
	EndGlobalSection
EndGlobal
