
Microsoft Visual Studio Solution File, Format Version 12.00
# Visual Studio Version 17
VisualStudioVersion = 17.7.34202.233
MinimumVisualStudioVersion = 10.0.40219.1
Project("{FAE04EC0-301F-11D3-BF4B-00C04F79EFBC}") = "1.TheHuntingGames", "1.TheHuntingGames\1.TheHuntingGames.csproj", "{D45FDA51-34E0-4875-AD6C-3B1753726E8A}"
EndProject
Project("{FAE04EC0-301F-11D3-BF4B-00C04F79EFBC}") = "03.Chat-Logger", "03.Chat-Logger\03.Chat-Logger.csproj", "{8526904B-0007-4D3F-8CE7-C2491D505052}"
EndProject
Project("{FAE04EC0-301F-11D3-BF4B-00C04F79EFBC}") = "02.TaxCalculator", "02.TaxCalculator\02.TaxCalculator.csproj", "{F48E666F-BBA8-406D-990F-908ED72A8D64}"
EndProject
Global
	GlobalSection(SolutionConfigurationPlatforms) = preSolution
		Debug|Any CPU = Debug|Any CPU
		Release|Any CPU = Release|Any CPU
	EndGlobalSection
	GlobalSection(ProjectConfigurationPlatforms) = postSolution
		{D45FDA51-34E0-4875-AD6C-3B1753726E8A}.Debug|Any CPU.ActiveCfg = Debug|Any CPU
		{D45FDA51-34E0-4875-AD6C-3B1753726E8A}.Debug|Any CPU.Build.0 = Debug|Any CPU
		{D45FDA51-34E0-4875-AD6C-3B1753726E8A}.Release|Any CPU.ActiveCfg = Release|Any CPU
		{D45FDA51-34E0-4875-AD6C-3B1753726E8A}.Release|Any CPU.Build.0 = Release|Any CPU
		{8526904B-0007-4D3F-8CE7-C2491D505052}.Debug|Any CPU.ActiveCfg = Debug|Any CPU
		{8526904B-0007-4D3F-8CE7-C2491D505052}.Debug|Any CPU.Build.0 = Debug|Any CPU
		{8526904B-0007-4D3F-8CE7-C2491D505052}.Release|Any CPU.ActiveCfg = Release|Any CPU
		{8526904B-0007-4D3F-8CE7-C2491D505052}.Release|Any CPU.Build.0 = Release|Any CPU
		{F48E666F-BBA8-406D-990F-908ED72A8D64}.Debug|Any CPU.ActiveCfg = Debug|Any CPU
		{F48E666F-BBA8-406D-990F-908ED72A8D64}.Debug|Any CPU.Build.0 = Debug|Any CPU
		{F48E666F-BBA8-406D-990F-908ED72A8D64}.Release|Any CPU.ActiveCfg = Release|Any CPU
		{F48E666F-BBA8-406D-990F-908ED72A8D64}.Release|Any CPU.Build.0 = Release|Any CPU
	EndGlobalSection
	GlobalSection(SolutionProperties) = preSolution
		HideSolutionNode = FALSE
	EndGlobalSection
	GlobalSection(ExtensibilityGlobals) = postSolution
		SolutionGuid = {A4BD28E8-7F8E-46F3-AE13-38120D7CB0A8}
	EndGlobalSection
EndGlobal
