
Microsoft Visual Studio Solution File, Format Version 12.00
# Visual Studio Version 17
VisualStudioVersion = 17.7.34031.279
MinimumVisualStudioVersion = 10.0.40219.1
Project("{FAE04EC0-301F-11D3-BF4B-00C04F79EFBC}") = "1.DayOfWeek", "1.DayOfWeek\1.DayOfWeek.csproj", "{7FE9CD60-694B-4106-A01A-D1E853231BEF}"
EndProject
Project("{FAE04EC0-301F-11D3-BF4B-00C04F79EFBC}") = "2.PrintNumbersInReverseOrder", "2.PrintNumbersInReverseOrder\2.PrintNumbersInReverseOrder.csproj", "{577F5D00-E63A-4625-96B4-88F6D79EE301}"
EndProject
Project("{FAE04EC0-301F-11D3-BF4B-00C04F79EFBC}") = "3.RoundingNumbers", "3.RoundingNumbers\3.RoundingNumbers.csproj", "{9740B0BF-BA78-4731-9436-E90D431E6D8F}"
EndProject
Project("{FAE04EC0-301F-11D3-BF4B-00C04F79EFBC}") = "04.ReverseArrayOfStrings", "04.ReverseArrayOfStrings\04.ReverseArrayOfStrings.csproj", "{BBBF0476-CD1D-46CD-A95D-6EE708C96205}"
EndProject
Project("{FAE04EC0-301F-11D3-BF4B-00C04F79EFBC}") = "05.SumEvenNumbers", "05.SumEvenNumbers\05.SumEvenNumbers.csproj", "{7993D210-4449-41B4-B3E4-1392D5DCAA5A}"
EndProject
Project("{FAE04EC0-301F-11D3-BF4B-00C04F79EFBC}") = "06.EvenAndOddSubtraction", "06.EvenAndOddSubtraction\06.EvenAndOddSubtraction.csproj", "{1FAF516B-7819-403B-9085-E7467F6B7904}"
EndProject
Project("{FAE04EC0-301F-11D3-BF4B-00C04F79EFBC}") = "07.EqualArrays", "07.EqualArrays\07.EqualArrays.csproj", "{9661D2C5-461F-4E22-9F27-40D4920E455F}"
EndProject
Project("{FAE04EC0-301F-11D3-BF4B-00C04F79EFBC}") = "08.CondenseArrayToNumber", "08.CondenseArrayToNumber\08.CondenseArrayToNumber.csproj", "{5FBA5442-131A-4F0B-B463-F64D73042968}"
EndProject
Global
	GlobalSection(SolutionConfigurationPlatforms) = preSolution
		Debug|Any CPU = Debug|Any CPU
		Release|Any CPU = Release|Any CPU
	EndGlobalSection
	GlobalSection(ProjectConfigurationPlatforms) = postSolution
		{7FE9CD60-694B-4106-A01A-D1E853231BEF}.Debug|Any CPU.ActiveCfg = Debug|Any CPU
		{7FE9CD60-694B-4106-A01A-D1E853231BEF}.Debug|Any CPU.Build.0 = Debug|Any CPU
		{7FE9CD60-694B-4106-A01A-D1E853231BEF}.Release|Any CPU.ActiveCfg = Release|Any CPU
		{7FE9CD60-694B-4106-A01A-D1E853231BEF}.Release|Any CPU.Build.0 = Release|Any CPU
		{577F5D00-E63A-4625-96B4-88F6D79EE301}.Debug|Any CPU.ActiveCfg = Debug|Any CPU
		{577F5D00-E63A-4625-96B4-88F6D79EE301}.Debug|Any CPU.Build.0 = Debug|Any CPU
		{577F5D00-E63A-4625-96B4-88F6D79EE301}.Release|Any CPU.ActiveCfg = Release|Any CPU
		{577F5D00-E63A-4625-96B4-88F6D79EE301}.Release|Any CPU.Build.0 = Release|Any CPU
		{9740B0BF-BA78-4731-9436-E90D431E6D8F}.Debug|Any CPU.ActiveCfg = Debug|Any CPU
		{9740B0BF-BA78-4731-9436-E90D431E6D8F}.Debug|Any CPU.Build.0 = Debug|Any CPU
		{9740B0BF-BA78-4731-9436-E90D431E6D8F}.Release|Any CPU.ActiveCfg = Release|Any CPU
		{9740B0BF-BA78-4731-9436-E90D431E6D8F}.Release|Any CPU.Build.0 = Release|Any CPU
		{BBBF0476-CD1D-46CD-A95D-6EE708C96205}.Debug|Any CPU.ActiveCfg = Debug|Any CPU
		{BBBF0476-CD1D-46CD-A95D-6EE708C96205}.Debug|Any CPU.Build.0 = Debug|Any CPU
		{BBBF0476-CD1D-46CD-A95D-6EE708C96205}.Release|Any CPU.ActiveCfg = Release|Any CPU
		{BBBF0476-CD1D-46CD-A95D-6EE708C96205}.Release|Any CPU.Build.0 = Release|Any CPU
		{7993D210-4449-41B4-B3E4-1392D5DCAA5A}.Debug|Any CPU.ActiveCfg = Debug|Any CPU
		{7993D210-4449-41B4-B3E4-1392D5DCAA5A}.Debug|Any CPU.Build.0 = Debug|Any CPU
		{7993D210-4449-41B4-B3E4-1392D5DCAA5A}.Release|Any CPU.ActiveCfg = Release|Any CPU
		{7993D210-4449-41B4-B3E4-1392D5DCAA5A}.Release|Any CPU.Build.0 = Release|Any CPU
		{1FAF516B-7819-403B-9085-E7467F6B7904}.Debug|Any CPU.ActiveCfg = Debug|Any CPU
		{1FAF516B-7819-403B-9085-E7467F6B7904}.Debug|Any CPU.Build.0 = Debug|Any CPU
		{1FAF516B-7819-403B-9085-E7467F6B7904}.Release|Any CPU.ActiveCfg = Release|Any CPU
		{1FAF516B-7819-403B-9085-E7467F6B7904}.Release|Any CPU.Build.0 = Release|Any CPU
		{9661D2C5-461F-4E22-9F27-40D4920E455F}.Debug|Any CPU.ActiveCfg = Debug|Any CPU
		{9661D2C5-461F-4E22-9F27-40D4920E455F}.Debug|Any CPU.Build.0 = Debug|Any CPU
		{9661D2C5-461F-4E22-9F27-40D4920E455F}.Release|Any CPU.ActiveCfg = Release|Any CPU
		{9661D2C5-461F-4E22-9F27-40D4920E455F}.Release|Any CPU.Build.0 = Release|Any CPU
		{5FBA5442-131A-4F0B-B463-F64D73042968}.Debug|Any CPU.ActiveCfg = Debug|Any CPU
		{5FBA5442-131A-4F0B-B463-F64D73042968}.Debug|Any CPU.Build.0 = Debug|Any CPU
		{5FBA5442-131A-4F0B-B463-F64D73042968}.Release|Any CPU.ActiveCfg = Release|Any CPU
		{5FBA5442-131A-4F0B-B463-F64D73042968}.Release|Any CPU.Build.0 = Release|Any CPU
	EndGlobalSection
	GlobalSection(SolutionProperties) = preSolution
		HideSolutionNode = FALSE
	EndGlobalSection
	GlobalSection(ExtensibilityGlobals) = postSolution
		SolutionGuid = {334AFDD9-FB28-4CBD-9954-FA283CD32443}
	EndGlobalSection
EndGlobal
