
Microsoft Visual Studio Solution File, Format Version 12.00
# Visual Studio Version 17
VisualStudioVersion = 17.6.33815.320
MinimumVisualStudioVersion = 10.0.40219.1
Project("{9A19103F-16F7-4668-BE54-9A1E7A4F7556}") = "1. Ages", "1. Ages\1. Ages.csproj", "{5DB19AFF-A4DF-4580-8445-4BB80534F0F5}"
EndProject
Project("{FAE04EC0-301F-11D3-BF4B-00C04F79EFBC}") = "2. Divison", "2. Divison\2. Divison.csproj", "{A9830C9C-A29E-4F95-8A41-99906E696A40}"
EndProject
Project("{FAE04EC0-301F-11D3-BF4B-00C04F79EFBC}") = "3. Vacation", "3. Vacation\3. Vacation.csproj", "{6A1018D5-C99D-43A0-A3CA-A5D4C0F693C6}"
EndProject
Project("{FAE04EC0-301F-11D3-BF4B-00C04F79EFBC}") = "04. Print and sum", "04. Print and sum\04. Print and sum.csproj", "{09D894DC-9246-4519-ABC1-ED5401EEE48B}"
EndProject
Project("{FAE04EC0-301F-11D3-BF4B-00C04F79EFBC}") = "05. Login", "05. Login\05. Login.csproj", "{1D892A75-8150-4883-80D5-6B2D2C5279D0}"
EndProject
Global
	GlobalSection(SolutionConfigurationPlatforms) = preSolution
		Debug|Any CPU = Debug|Any CPU
		Release|Any CPU = Release|Any CPU
	EndGlobalSection
	GlobalSection(ProjectConfigurationPlatforms) = postSolution
		{5DB19AFF-A4DF-4580-8445-4BB80534F0F5}.Debug|Any CPU.ActiveCfg = Debug|Any CPU
		{5DB19AFF-A4DF-4580-8445-4BB80534F0F5}.Debug|Any CPU.Build.0 = Debug|Any CPU
		{5DB19AFF-A4DF-4580-8445-4BB80534F0F5}.Release|Any CPU.ActiveCfg = Release|Any CPU
		{5DB19AFF-A4DF-4580-8445-4BB80534F0F5}.Release|Any CPU.Build.0 = Release|Any CPU
		{A9830C9C-A29E-4F95-8A41-99906E696A40}.Debug|Any CPU.ActiveCfg = Debug|Any CPU
		{A9830C9C-A29E-4F95-8A41-99906E696A40}.Debug|Any CPU.Build.0 = Debug|Any CPU
		{A9830C9C-A29E-4F95-8A41-99906E696A40}.Release|Any CPU.ActiveCfg = Release|Any CPU
		{A9830C9C-A29E-4F95-8A41-99906E696A40}.Release|Any CPU.Build.0 = Release|Any CPU
		{6A1018D5-C99D-43A0-A3CA-A5D4C0F693C6}.Debug|Any CPU.ActiveCfg = Debug|Any CPU
		{6A1018D5-C99D-43A0-A3CA-A5D4C0F693C6}.Debug|Any CPU.Build.0 = Debug|Any CPU
		{6A1018D5-C99D-43A0-A3CA-A5D4C0F693C6}.Release|Any CPU.ActiveCfg = Release|Any CPU
		{6A1018D5-C99D-43A0-A3CA-A5D4C0F693C6}.Release|Any CPU.Build.0 = Release|Any CPU
		{09D894DC-9246-4519-ABC1-ED5401EEE48B}.Debug|Any CPU.ActiveCfg = Debug|Any CPU
		{09D894DC-9246-4519-ABC1-ED5401EEE48B}.Debug|Any CPU.Build.0 = Debug|Any CPU
		{09D894DC-9246-4519-ABC1-ED5401EEE48B}.Release|Any CPU.ActiveCfg = Release|Any CPU
		{09D894DC-9246-4519-ABC1-ED5401EEE48B}.Release|Any CPU.Build.0 = Release|Any CPU
		{1D892A75-8150-4883-80D5-6B2D2C5279D0}.Debug|Any CPU.ActiveCfg = Debug|Any CPU
		{1D892A75-8150-4883-80D5-6B2D2C5279D0}.Debug|Any CPU.Build.0 = Debug|Any CPU
		{1D892A75-8150-4883-80D5-6B2D2C5279D0}.Release|Any CPU.ActiveCfg = Release|Any CPU
		{1D892A75-8150-4883-80D5-6B2D2C5279D0}.Release|Any CPU.Build.0 = Release|Any CPU
	EndGlobalSection
	GlobalSection(SolutionProperties) = preSolution
		HideSolutionNode = FALSE
	EndGlobalSection
	GlobalSection(ExtensibilityGlobals) = postSolution
		SolutionGuid = {5C3C7C20-2DCA-4B85-9F8E-B82E2F136726}
	EndGlobalSection
EndGlobal
