
Microsoft Visual Studio Solution File, Format Version 12.00
# Visual Studio Version 17
VisualStudioVersion = 17.7.34202.233
MinimumVisualStudioVersion = 10.0.40219.1
Project("{FAE04EC0-301F-11D3-BF4B-00C04F79EFBC}") = "1.SmallestOfThreeNumbers", "1.SmallestOfThreeNumbers\1.SmallestOfThreeNumbers.csproj", "{BF6B170C-DB57-474D-817E-4709C871391F}"
EndProject
Project("{FAE04EC0-301F-11D3-BF4B-00C04F79EFBC}") = "2.VowelsCount", "2.VowelsCount\2.VowelsCount.csproj", "{0439306D-A1DF-44F8-807F-6A099A4C4F09}"
EndProject
Global
	GlobalSection(SolutionConfigurationPlatforms) = preSolution
		Debug|Any CPU = Debug|Any CPU
		Release|Any CPU = Release|Any CPU
	EndGlobalSection
	GlobalSection(ProjectConfigurationPlatforms) = postSolution
		{BF6B170C-DB57-474D-817E-4709C871391F}.Debug|Any CPU.ActiveCfg = Debug|Any CPU
		{BF6B170C-DB57-474D-817E-4709C871391F}.Debug|Any CPU.Build.0 = Debug|Any CPU
		{BF6B170C-DB57-474D-817E-4709C871391F}.Release|Any CPU.ActiveCfg = Release|Any CPU
		{BF6B170C-DB57-474D-817E-4709C871391F}.Release|Any CPU.Build.0 = Release|Any CPU
		{0439306D-A1DF-44F8-807F-6A099A4C4F09}.Debug|Any CPU.ActiveCfg = Debug|Any CPU
		{0439306D-A1DF-44F8-807F-6A099A4C4F09}.Debug|Any CPU.Build.0 = Debug|Any CPU
		{0439306D-A1DF-44F8-807F-6A099A4C4F09}.Release|Any CPU.ActiveCfg = Release|Any CPU
		{0439306D-A1DF-44F8-807F-6A099A4C4F09}.Release|Any CPU.Build.0 = Release|Any CPU
	EndGlobalSection
	GlobalSection(SolutionProperties) = preSolution
		HideSolutionNode = FALSE
	EndGlobalSection
	GlobalSection(ExtensibilityGlobals) = postSolution
		SolutionGuid = {A5055799-BAF9-49E2-B7BD-B267CD229D40}
	EndGlobalSection
EndGlobal
